
Microsoft Visual Studio Solution File, Format Version 12.00
# Visual Studio 15
VisualStudioVersion = 15.0.26929.2
MinimumVisualStudioVersion = 10.0.40219.1
Project("{FAE04EC0-301F-11D3-BF4B-00C04F79EFBC}") = "CreatorsNews", "CreatorsNews\CreatorsNews.csproj", "{C351F066-B8D8-4C01-AD43-90CF826EA306}"
EndProject
Project("{FAE04EC0-301F-11D3-BF4B-00C04F79EFBC}") = "Shared", "Shared\Shared.csproj", "{AA2553DB-29FD-4C45-A479-A60C30A69F74}"
EndProject
Project("{FAE04EC0-301F-11D3-BF4B-00C04F79EFBC}") = "LitUpCreatorsNews", "LitUpCreatorsNews\LitUpCreatorsNews.csproj", "{8E25D39B-08BD-46FD-9B1F-A5D27A32DDBB}"
EndProject
Global
	GlobalSection(SolutionConfigurationPlatforms) = preSolution
		Debug|Any CPU = Debug|Any CPU
		Debug|ARM = Debug|ARM
		Debug|x64 = Debug|x64
		Debug|x86 = Debug|x86
		Release|Any CPU = Release|Any CPU
		Release|ARM = Release|ARM
		Release|x64 = Release|x64
		Release|x86 = Release|x86
	EndGlobalSection
	GlobalSection(ProjectConfigurationPlatforms) = postSolution
		{C351F066-B8D8-4C01-AD43-90CF826EA306}.Debug|Any CPU.ActiveCfg = Debug|x86
		{C351F066-B8D8-4C01-AD43-90CF826EA306}.Debug|ARM.ActiveCfg = Debug|ARM
		{C351F066-B8D8-4C01-AD43-90CF826EA306}.Debug|ARM.Build.0 = Debug|ARM
		{C351F066-B8D8-4C01-AD43-90CF826EA306}.Debug|ARM.Deploy.0 = Debug|ARM
		{C351F066-B8D8-4C01-AD43-90CF826EA306}.Debug|x64.ActiveCfg = Debug|x64
		{C351F066-B8D8-4C01-AD43-90CF826EA306}.Debug|x64.Build.0 = Debug|x64
		{C351F066-B8D8-4C01-AD43-90CF826EA306}.Debug|x64.Deploy.0 = Debug|x64
		{C351F066-B8D8-4C01-AD43-90CF826EA306}.Debug|x86.ActiveCfg = Debug|x86
		{C351F066-B8D8-4C01-AD43-90CF826EA306}.Debug|x86.Build.0 = Debug|x86
		{C351F066-B8D8-4C01-AD43-90CF826EA306}.Debug|x86.Deploy.0 = Debug|x86
		{C351F066-B8D8-4C01-AD43-90CF826EA306}.Release|Any CPU.ActiveCfg = Release|x86
		{C351F066-B8D8-4C01-AD43-90CF826EA306}.Release|ARM.ActiveCfg = Release|ARM
		{C351F066-B8D8-4C01-AD43-90CF826EA306}.Release|ARM.Build.0 = Release|ARM
		{C351F066-B8D8-4C01-AD43-90CF826EA306}.Release|ARM.Deploy.0 = Release|ARM
		{C351F066-B8D8-4C01-AD43-90CF826EA306}.Release|x64.ActiveCfg = Release|x64
		{C351F066-B8D8-4C01-AD43-90CF826EA306}.Release|x64.Build.0 = Release|x64
		{C351F066-B8D8-4C01-AD43-90CF826EA306}.Release|x64.Deploy.0 = Release|x64
		{C351F066-B8D8-4C01-AD43-90CF826EA306}.Release|x86.ActiveCfg = Release|x86
		{C351F066-B8D8-4C01-AD43-90CF826EA306}.Release|x86.Build.0 = Release|x86
		{C351F066-B8D8-4C01-AD43-90CF826EA306}.Release|x86.Deploy.0 = Release|x86
		{AA2553DB-29FD-4C45-A479-A60C30A69F74}.Debug|Any CPU.ActiveCfg = Debug|Any CPU
		{AA2553DB-29FD-4C45-A479-A60C30A69F74}.Debug|Any CPU.Build.0 = Debug|Any CPU
		{AA2553DB-29FD-4C45-A479-A60C30A69F74}.Debug|ARM.ActiveCfg = Debug|ARM
		{AA2553DB-29FD-4C45-A479-A60C30A69F74}.Debug|ARM.Build.0 = Debug|ARM
		{AA2553DB-29FD-4C45-A479-A60C30A69F74}.Debug|x64.ActiveCfg = Debug|x64
		{AA2553DB-29FD-4C45-A479-A60C30A69F74}.Debug|x64.Build.0 = Debug|x64
		{AA2553DB-29FD-4C45-A479-A60C30A69F74}.Debug|x86.ActiveCfg = Debug|x86
		{AA2553DB-29FD-4C45-A479-A60C30A69F74}.Debug|x86.Build.0 = Debug|x86
		{AA2553DB-29FD-4C45-A479-A60C30A69F74}.Release|Any CPU.ActiveCfg = Release|Any CPU
		{AA2553DB-29FD-4C45-A479-A60C30A69F74}.Release|Any CPU.Build.0 = Release|Any CPU
		{AA2553DB-29FD-4C45-A479-A60C30A69F74}.Release|ARM.ActiveCfg = Release|ARM
		{AA2553DB-29FD-4C45-A479-A60C30A69F74}.Release|ARM.Build.0 = Release|ARM
		{AA2553DB-29FD-4C45-A479-A60C30A69F74}.Release|x64.ActiveCfg = Release|x64
		{AA2553DB-29FD-4C45-A479-A60C30A69F74}.Release|x64.Build.0 = Release|x64
		{AA2553DB-29FD-4C45-A479-A60C30A69F74}.Release|x86.ActiveCfg = Release|x86
		{AA2553DB-29FD-4C45-A479-A60C30A69F74}.Release|x86.Build.0 = Release|x86
		{8E25D39B-08BD-46FD-9B1F-A5D27A32DDBB}.Debug|Any CPU.ActiveCfg = Debug|x86
		{8E25D39B-08BD-46FD-9B1F-A5D27A32DDBB}.Debug|ARM.ActiveCfg = Debug|ARM
		{8E25D39B-08BD-46FD-9B1F-A5D27A32DDBB}.Debug|ARM.Build.0 = Debug|ARM
		{8E25D39B-08BD-46FD-9B1F-A5D27A32DDBB}.Debug|ARM.Deploy.0 = Debug|ARM
		{8E25D39B-08BD-46FD-9B1F-A5D27A32DDBB}.Debug|x64.ActiveCfg = Debug|x64
		{8E25D39B-08BD-46FD-9B1F-A5D27A32DDBB}.Debug|x64.Build.0 = Debug|x64
		{8E25D39B-08BD-46FD-9B1F-A5D27A32DDBB}.Debug|x64.Deploy.0 = Debug|x64
		{8E25D39B-08BD-46FD-9B1F-A5D27A32DDBB}.Debug|x86.ActiveCfg = Debug|x86
		{8E25D39B-08BD-46FD-9B1F-A5D27A32DDBB}.Debug|x86.Build.0 = Debug|x86
		{8E25D39B-08BD-46FD-9B1F-A5D27A32DDBB}.Debug|x86.Deploy.0 = Debug|x86
		{8E25D39B-08BD-46FD-9B1F-A5D27A32DDBB}.Release|Any CPU.ActiveCfg = Release|x86
		{8E25D39B-08BD-46FD-9B1F-A5D27A32DDBB}.Release|ARM.ActiveCfg = Release|ARM
		{8E25D39B-08BD-46FD-9B1F-A5D27A32DDBB}.Release|ARM.Build.0 = Release|ARM
		{8E25D39B-08BD-46FD-9B1F-A5D27A32DDBB}.Release|ARM.Deploy.0 = Release|ARM
		{8E25D39B-08BD-46FD-9B1F-A5D27A32DDBB}.Release|x64.ActiveCfg = Release|x64
		{8E25D39B-08BD-46FD-9B1F-A5D27A32DDBB}.Release|x64.Build.0 = Release|x64
		{8E25D39B-08BD-46FD-9B1F-A5D27A32DDBB}.Release|x64.Deploy.0 = Release|x64
		{8E25D39B-08BD-46FD-9B1F-A5D27A32DDBB}.Release|x86.ActiveCfg = Release|x86
		{8E25D39B-08BD-46FD-9B1F-A5D27A32DDBB}.Release|x86.Build.0 = Release|x86
		{8E25D39B-08BD-46FD-9B1F-A5D27A32DDBB}.Release|x86.Deploy.0 = Release|x86
	EndGlobalSection
	GlobalSection(SolutionProperties) = preSolution
		HideSolutionNode = FALSE
	EndGlobalSection
	GlobalSection(ExtensibilityGlobals) = postSolution
		SolutionGuid = {37FAE8FF-C665-493E-B316-807EA1553E85}
	EndGlobalSection
EndGlobal
